lockfileVersion: '9.0'

settings:
  autoInstallPeers: true
  excludeLinksFromLockfile: false

importers:

  .:
    dependencies:
      '@openrouter/ai-sdk-provider':
        specifier: ^2.3.3
        version: 2.3.3(ai@6.0.146(zod@4.3.6))(zod@4.3.6)
      '@openrouter/sdk':
        specifier: ^0.12.24
        version: 0.12.24
      ai:
        specifier: ^6.0.146
        version: 6.0.146(zod@4.3.6)
      ai-sdk-ollama:
        specifier: ^3.8.2
        version: 3.8.2(ai@6.0.146(zod@4.3.6))(zod@4.3.6)
      discord.js:
        specifier: ^14.26.2
        version: 14.26.2
      mathjs:
        specifier: ^15.2.0
        version: 15.2.0
      sqlite-vec:
        specifier: ^0.1.9
        version: 0.1.9
      toml:
        specifier: ^3.0.0
        version: 3.0.0
      zod:
        specifier: ^4.3.6
        version: 4.3.6
    devDependencies:
      '@benricheson101/util':
        specifier: ^1.5.5
        version: 1.5.5
      '@biomejs/biome':
        specifier: ^2.4.10
        version: 2.4.10
      '@types/json-schema':
        specifier: ^7.0.15
        version: 7.0.15
      '@types/node':
        specifier: ^25.5.2
        version: 25.5.2
      typescript:
        specifier: ^5.9.3
        version: 5.9.3

packages:

  '@ai-sdk/gateway@3.0.88':
    resolution: {integrity: sha512-AFoj7xdWAtCQcy0jJ235ENSakYM8D28qBX+rB+/rX4r8qe/LXgl0e5UivOqxAlIM5E9jnQdYxIPuj3XFtGk/yg==}
    engines: {node: '>=18'}
    peerDependencies:
      zod: ^3.25.76 || ^4.1.8

  '@ai-sdk/provider-utils@4.0.22':
    resolution: {integrity: sha512-B2OTFcRw/Pdka9ZTjpXv6T6qZ6RruRuLokyb8HwW+aoW9ndJ3YasA3/mVswyJw7VMBF8ofXgqvcrCt9KYvFifg==}
    engines: {node: '>=18'}
    peerDependencies:
      zod: ^3.25.76 || ^4.1.8

  '@ai-sdk/provider@3.0.8':
    resolution: {integrity: sha512-oGMAgGoQdBXbZqNG0Ze56CHjDZ1IDYOwGYxYjO5KLSlz5HiNQ9udIXsPZ61VWaHGZ5XW/jyjmr6t2xz2jGVwbQ==}
    engines: {node: '>=18'}

  '@babel/runtime@7.29.2':
    resolution: {integrity: sha512-JiDShH45zKHWyGe4ZNVRrCjBz8Nh9TMmZG1kh4QTK8hCBTWBi8Da+i7s1fJw7/lYpM4ccepSNfqzZ/QvABBi5g==}
    engines: {node: '>=6.9.0'}

  '@benricheson101/util@1.5.5':
    resolution: {integrity: sha512-e9iXZTpxPFomWifwf9gfaayfrBXA1MWtKB0FynpIt+q+vZqARc32S2nMaoW9D1+Qq6LfwnmgZC6v0GMiwo+Usg==}

  '@biomejs/biome@2.4.10':
    resolution: {integrity: sha512-xxA3AphFQ1geij4JTHXv4EeSTda1IFn22ye9LdyVPoJU19fNVl0uzfEuhsfQ4Yue/0FaLs2/ccVi4UDiE7R30w==}
    engines: {node: '>=14.21.3'}
    hasBin: true

  '@biomejs/cli-darwin-arm64@2.4.10':
    resolution: {integrity: sha512-vuzzI1cWqDVzOMIkYyHbKqp+AkQq4K7k+UCXWpkYcY/HDn1UxdsbsfgtVpa40shem8Kax4TLDLlx8kMAecgqiw==}
    engines: {node: '>=14.21.3'}
    cpu: [arm64]
    os: [darwin]

  '@biomejs/cli-darwin-x64@2.4.10':
    resolution: {integrity: sha512-14fzASRo+BPotwp7nWULy2W5xeUyFnTaq1V13Etrrxkrih+ez/2QfgFm5Ehtf5vSjtgx/IJycMMpn5kPd5ZNaA==}
    engines: {node: '>=14.21.3'}
    cpu: [x64]
    os: [darwin]

  '@biomejs/cli-linux-arm64-musl@2.4.10':
    resolution: {integrity: sha512-WrJY6UuiSD/Dh+nwK2qOTu8kdMDlLV3dLMmychIghHPAysWFq1/DGC1pVZx8POE3ZkzKR3PUUnVrtZfMfaJjyQ==}
    engines: {node: '>=14.21.3'}
    cpu: [arm64]
    os: [linux]
    libc: [musl]

  '@biomejs/cli-linux-arm64@2.4.10':
    resolution: {integrity: sha512-7MH1CMW5uuxQ/s7FLST63qF8B3Hgu2HRdZ7tA1X1+mk+St4JOuIrqdhIBnnyqeyWJNI+Bww7Es5QZ0wIc1Cmkw==}
    engines: {node: '>=14.21.3'}
    cpu: [arm64]
    os: [linux]
    libc: [glibc]

  '@biomejs/cli-linux-x64-musl@2.4.10':
    resolution: {integrity: sha512-kDTi3pI6PBN6CiczsWYOyP2zk0IJI08EWEQyDMQWW221rPaaEz6FvjLhnU07KMzLv8q3qSuoB93ua6inSQ55Tw==}
    engines: {node: '>=14.21.3'}
    cpu: [x64]
    os: [linux]
    libc: [musl]

  '@biomejs/cli-linux-x64@2.4.10':
    resolution: {integrity: sha512-tZLvEEi2u9Xu1zAqRjTcpIDGVtldigVvzug2fTuPG0ME/g8/mXpRPcNgLB22bGn6FvLJpHHnqLnwliOu8xjYrg==}
    engines: {node: '>=14.21.3'}
    cpu: [x64]
    os: [linux]
    libc: [glibc]

  '@biomejs/cli-win32-arm64@2.4.10':
    resolution: {integrity: sha512-umwQU6qPzH+ISTf/eHyJ/QoQnJs3V9Vpjz2OjZXe9MVBZ7prgGafMy7yYeRGnlmDAn87AKTF3Q6weLoMGpeqdQ==}
    engines: {node: '>=14.21.3'}
    cpu: [arm64]
    os: [win32]

  '@biomejs/cli-win32-x64@2.4.10':
    resolution: {integrity: sha512-aW/JU5GuyH4uxMrNYpoC2kjaHlyJGLgIa3XkhPEZI0uKhZhJZU8BuEyJmvgzSPQNGozBwWjC972RaNdcJ9KyJg==}
    engines: {node: '>=14.21.3'}
    cpu: [x64]
    os: [win32]

  '@discordjs/builders@1.14.1':
    resolution: {integrity: sha512-gSKkhXLqs96TCzk66VZuHHl8z2bQMJFGwrXC0f33ngK+FLNau4hU1PYny3DNJfNdSH+gVMzE85/d5FQ2BpcNwQ==}
    engines: {node: '>=16.11.0'}

  '@discordjs/collection@1.5.3':
    resolution: {integrity: sha512-SVb428OMd3WO1paV3rm6tSjM4wC+Kecaa1EUGX7vc6/fddvw/6lg90z4QtCqm21zvVe92vMMDt9+DkIvjXImQQ==}
    engines: {node: '>=16.11.0'}

  '@discordjs/collection@2.1.1':
    resolution: {integrity: sha512-LiSusze9Tc7qF03sLCujF5iZp7K+vRNEDBZ86FT9aQAv3vxMLihUvKvpsCWiQ2DJq1tVckopKm1rxomgNUc9hg==}
    engines: {node: '>=18'}

  '@discordjs/formatters@0.6.2':
    resolution: {integrity: sha512-y4UPwWhH6vChKRkGdMB4odasUbHOUwy7KL+OVwF86PvT6QVOwElx+TiI1/6kcmcEe+g5YRXJFiXSXUdabqZOvQ==}
    engines: {node: '>=16.11.0'}

  '@discordjs/rest@2.6.1':
    resolution: {integrity: sha512-wwQdgjeaoYFiaG+atbqx6aJDpqW7JHAo0HrQkBTbYzM3/PJ3GweQIpgElNcGZ26DCUOXMyawYd0YF7vtr+fZXg==}
    engines: {node: '>=18'}

  '@discordjs/util@1.2.0':
    resolution: {integrity: sha512-3LKP7F2+atl9vJFhaBjn4nOaSWahZ/yWjOvA4e5pnXkt2qyXRCHLxoBQy81GFtLGCq7K9lPm9R517M1U+/90Qg==}
    engines: {node: '>=18'}

  '@discordjs/ws@1.2.3':
    resolution: {integrity: sha512-wPlQDxEmlDg5IxhJPuxXr3Vy9AjYq5xCvFWGJyD7w7Np8ZGu+Mc+97LCoEc/+AYCo2IDpKioiH0/c/mj5ZR9Uw==}
    engines: {node: '>=16.11.0'}

  '@openrouter/ai-sdk-provider@2.3.3':
    resolution: {integrity: sha512-4fVteGkVedc7fGoA9+qJs4tpYwALezMq14m2Sjub3KmyRlksCbK+WJf67NPdGem8+NZrV2tAN42A1NU3+SiV3w==}
    engines: {node: '>=18'}
    peerDependencies:
      ai: ^6.0.0
      zod: ^3.25.0 || ^4.0.0

  '@openrouter/sdk@0.12.24':
    resolution: {integrity: sha512-pHybqvkWZUvg/uM99+ShHgDKg/iA3MU2MZdlZvoenmK/3cnG6jW1zROb+tyd6iEAZwcqb2+2QoahgLbJgo/9Sw==}

  '@opentelemetry/api@1.9.0':
    resolution: {integrity: sha512-3giAOQvZiH5F9bMlMiv8+GSPMeqg0dbaeo58/0SlA9sxSqZhnUtxzX9/2FzyhS9sWQf5S0GJE0AKBrFqjpeYcg==}
    engines: {node: '>=8.0.0'}

  '@sapphire/async-queue@1.5.5':
    resolution: {integrity: sha512-cvGzxbba6sav2zZkH8GPf2oGk9yYoD5qrNWdu9fRehifgnFZJMV+nuy2nON2roRO4yQQ+v7MK/Pktl/HgfsUXg==}
    engines: {node: '>=v14.0.0', npm: '>=7.0.0'}

  '@sapphire/shapeshift@4.0.0':
    resolution: {integrity: sha512-d9dUmWVA7MMiKobL3VpLF8P2aeanRTu6ypG2OIaEv/ZHH/SUQ2iHOVyi5wAPjQ+HmnMuL0whK9ez8I/raWbtIg==}
    engines: {node: '>=v16'}

  '@sapphire/snowflake@3.5.3':
    resolution: {integrity: sha512-jjmJywLAFoWeBi1W7994zZyiNWPIiqRRNAmSERxyg93xRGzNYvGjlZ0gR6x0F4gPRi2+0O6S71kOZYyr3cxaIQ==}
    engines: {node: '>=v14.0.0', npm: '>=7.0.0'}

  '@sapphire/snowflake@3.5.5':
    resolution: {integrity: sha512-xzvBr1Q1c4lCe7i6sRnrofxeO1QTP/LKQ6A6qy0iB4x5yfiSfARMEQEghojzTNALDTcv8En04qYNIco9/K9eZQ==}
    engines: {node: '>=v14.0.0', npm: '>=7.0.0'}

  '@standard-schema/spec@1.1.0':
    resolution: {integrity: sha512-l2aFy5jALhniG5HgqrD6jXLi/rUWrKvqN/qJx6yoJsgKhblVd+iqqU4RCXavm/jPityDo5TCvKMnpjKnOriy0w==}

  '@types/json-schema@7.0.15':
    resolution: {integrity: sha512-5+fP8P8MFNC+AyZCDxrB2pkZFPGzqQWUzpSeuuVLvm8VMcorNYavBqoFcxK8bQz4Qsbn4oUEEem4wDLfcysGHA==}

  '@types/node@25.5.2':
    resolution: {integrity: sha512-tO4ZIRKNC+MDWV4qKVZe3Ql/woTnmHDr5JD8UI5hn2pwBrHEwOEMZK7WlNb5RKB6EoJ02gwmQS9OrjuFnZYdpg==}

  '@types/ws@8.18.1':
    resolution: {integrity: sha512-ThVF6DCVhA8kUGy+aazFQ4kXQ7E1Ty7A3ypFOe0IcJV8O/M511G99AW24irKrW56Wt44yG9+ij8FaqoBGkuBXg==}

  '@vercel/oidc@3.1.0':
    resolution: {integrity: sha512-Fw28YZpRnA3cAHHDlkt7xQHiJ0fcL+NRcIqsocZQUSmbzeIKRpwttJjik5ZGanXP+vlA4SbTg+AbA3bP363l+w==}
    engines: {node: '>= 20'}

  '@vladfrangu/async_event_emitter@2.4.7':
    resolution: {integrity: sha512-Xfe6rpCTxSxfbswi/W/Pz7zp1WWSNn4A0eW4mLkQUewCrXXtMj31lCg+iQyTkh/CkusZSq9eDflu7tjEDXUY6g==}
    engines: {node: '>=v14.0.0', npm: '>=7.0.0'}

  ai-sdk-ollama@3.8.2:
    resolution: {integrity: sha512-0k9tLeXLhGahsjNOOBZ07KccffeZNx4gIeutuccjRT8YxxEtnIoVF/ECdgoyaPm8be6WCLDkVnmtSJmkdWHHZA==}
    engines: {node: '>=22'}
    peerDependencies:
      ai: ^6.0.137

  ai@6.0.146:
    resolution: {integrity: sha512-70DE8k1rR0N3mXxyyfjYAx/FxRln/kQ5ym18lt1ys1eUklcPuoIXGbUBwdfCbmkt6YF3jCDZ5+OgkWieP/NGDw==}
    engines: {node: '>=18'}
    peerDependencies:
      zod: ^3.25.76 || ^4.1.8

  complex.js@2.4.3:
    resolution: {integrity: sha512-UrQVSUur14tNX6tiP4y8T4w4FeJAX3bi2cIv0pu/DTLFNxoq7z2Yh83Vfzztj6Px3X/lubqQ9IrPp7Bpn6p4MQ==}

  decimal.js@10.6.0:
    resolution: {integrity: sha512-YpgQiITW3JXGntzdUmyUR1V812Hn8T1YVXhCu+wO3OpS4eU9l4YdD3qjyiKdV6mvV29zapkMeD390UVEf2lkUg==}

  discord-api-types@0.38.44:
    resolution: {integrity: sha512-q91MgBzP/gRaCLIbQTaOrOhbD8uVIaPKxpgX2sfFB2nZ9nSiTYM9P3NFQ7cbO6NCxctI6ODttc67MI+YhIfILg==}

  discord.js@14.26.2:
    resolution: {integrity: sha512-feShi+gULJ6R2MAA4/KkCFnkJcuVrROJrKk4czplzq8gE1oqhqgOy9K0Scu44B8oGeWKe04egquzf+ia6VtXAw==}
    engines: {node: '>=18'}

  escape-latex@1.2.0:
    resolution: {integrity: sha512-nV5aVWW1K0wEiUIEdZ4erkGGH8mDxGyxSeqPzRNtWP7ataw+/olFObw7hujFWlVjNsaDFw5VZ5NzVSIqRgfTiw==}

  eventsource-parser@3.0.6:
    resolution: {integrity: sha512-Vo1ab+QXPzZ4tCa8SwIHJFaSzy4R6SHf7BY79rFBDf0idraZWAkYrDjDj8uWaSm3S2TK+hJ7/t1CEmZ7jXw+pg==}
    engines: {node: '>=18.0.0'}

  fast-deep-equal@3.1.3:
    resolution: {integrity: sha512-f3qQ9oQy9j2AhBe/H9VC91wLmKBCCU/gDOnKNAYG5hswO7BLKj09Hc5HYNz9cGI++xlpDCIgDaitVs03ATR84Q==}

  fraction.js@5.3.4:
    resolution: {integrity: sha512-1X1NTtiJphryn/uLQz3whtY6jK3fTqoE3ohKs0tT+Ujr1W59oopxmoEh7Lu5p6vBaPbgoM0bzveAW4Qi5RyWDQ==}

  javascript-natural-sort@0.7.1:
    resolution: {integrity: sha512-nO6jcEfZWQXDhOiBtG2KvKyEptz7RVbpGP4vTD2hLBdmNQSsCiicO2Ioinv6UI4y9ukqnBpy+XZ9H6uLNgJTlw==}

  json-schema@0.4.0:
    resolution: {integrity: sha512-es94M3nTIfsEPisRafak+HDLfHXnKBhV3vU5eqPcS3flIWqcxJWgXHXiey3YrpaNsanY5ei1VoYEbOzijuq9BA==}

  jsonrepair@3.13.3:
    resolution: {integrity: sha512-BTznj0owIt2CBAH/LTo7+1I5pMvl1e1033LRl/HUowlZmJOIhzC0zbX5bxMngLkfT4WnzPP26QnW5wMr2g9tsQ==}
    hasBin: true

  lodash.snakecase@4.1.1:
    resolution: {integrity: sha512-QZ1d4xoBHYUeuouhEq3lk3Uq7ldgyFXGBhg04+oRLnIz8o9T65Eh+8YdroUwn846zchkA9yDsDl5CVVaV2nqYw==}

  lodash@4.18.1:
    resolution: {integrity: sha512-dMInicTPVE8d1e5otfwmmjlxkZoUpiVLwyeTdUsi/Caj/gfzzblBcCE5sRHV/AsjuCmxWrte2TNGSYuCeCq+0Q==}

  magic-bytes.js@1.13.0:
    resolution: {integrity: sha512-afO2mnxW7GDTXMm5/AoN1WuOcdoKhtgXjIvHmobqTD1grNplhGdv3PFOyjCVmrnOZBIT/gD/koDKpYG+0mvHcg==}

  mathjs@15.2.0:
    resolution: {integrity: sha512-UAQzSVob9rNLdGpqcFMYmSu9dkuLYy7Lr2hBEQS5SHQdknA9VppJz3cy2KkpMzTODunad6V6cNv+5kOLsePLow==}
    engines: {node: '>= 18'}
    hasBin: true

  ollama@0.6.3:
    resolution: {integrity: sha512-KEWEhIqE5wtfzEIZbDCLH51VFZ6Z3ZSa6sIOg/E/tBV8S51flyqBOXi+bRxlOYKDf8i327zG9eSTb8IJxvm3Zg==}

  seedrandom@3.0.5:
    resolution: {integrity: sha512-8OwmbklUNzwezjGInmZ+2clQmExQPvomqjL7LFqOYqtmuxRgQYqOD3mHaU+MvZn5FLUeVxVfQjwLZW/n/JFuqg==}

  sqlite-vec-darwin-arm64@0.1.9:
    resolution: {integrity: sha512-jSsZpE42OfBkGL/ItyJTVCUwl6o6Ka3U5rc4j+UBDIQzC1ulSSKMEhQLthsOnF/MdAf1MuAkYhkdKmmcjaIZQg==}
    cpu: [arm64]
    os: [darwin]

  sqlite-vec-darwin-x64@0.1.9:
    resolution: {integrity: sha512-KDlVyqQT7pnOhU1ymB9gs7dMbSoVmKHitT+k1/xkjarcX8bBqPxWrGlK/R+C5WmWkfvWwyq5FfXfiBYCBs6PlA==}
    cpu: [x64]
    os: [darwin]

  sqlite-vec-linux-arm64@0.1.9:
    resolution: {integrity: sha512-5wXVJ9c9kR4CHm/wVqXb/R+XUHTdpZ4nWbPHlS+gc9qQFVHs92Km4bPnCKX4rtcPMzvNis+SIzMJR1SCEwpuUw==}
    cpu: [arm64]
    os: [linux]

  sqlite-vec-linux-x64@0.1.9:
    resolution: {integrity: sha512-w3tCH8xK2finW8fQJ/m8uqKodXUZ9KAuAar2UIhz4BHILfpE0WM/MTGCRfa7RjYbrYim5Luk3guvMOGI7T7JQA==}
    cpu: [x64]
    os: [linux]

  sqlite-vec-windows-x64@0.1.9:
    resolution: {integrity: sha512-y3gEIyy/17bq2QFPQOWLE68TYWcRZkBQVA2XLrTPHNTOp55xJi/BBBmOm40tVMDMjtP+Elpk6UBUXdaq+46b0Q==}
    cpu: [x64]
    os: [win32]

  sqlite-vec@0.1.9:
    resolution: {integrity: sha512-L7XJWRIBNvR9O5+vh1FQ+IGkh/3D2AzVksW5gdtk28m78Hy8skFD0pqReKH1Yp0/BUKRGcffgKvyO/EON5JXpA==}

  tiny-emitter@2.1.0:
    resolution: {integrity: sha512-NB6Dk1A9xgQPMoGqC5CVXn123gWyte215ONT5Pp5a0yt4nlEoO1ZWeCwpncaekPHXO60i47ihFnZPiRPjRMq4Q==}

  toml@3.0.0:
    resolution: {integrity: sha512-y/mWCZinnvxjTKYhJ+pYxwD0mRLVvOtdS2Awbgxln6iEnt4rk0yBxeSBHkGJcPucRiG0e55mwWp+g/05rsrd6w==}

  ts-mixer@6.0.4:
    resolution: {integrity: sha512-ufKpbmrugz5Aou4wcr5Wc1UUFWOLhq+Fm6qa6P0w0K5Qw2yhaUoiWszhCVuNQyNwrlGiscHOmqYoAox1PtvgjA==}

  tslib@2.8.1:
    resolution: {integrity: sha512-oJFu94HQb+KVduSUQL7wnpmqnfmLsOA/nAh6b6EH0wCEoK0/mPeXU6c3wKDV83MkOuHPRHtSXKKU99IBazS/2w==}

  typed-function@4.2.2:
    resolution: {integrity: sha512-VwaXim9Gp1bngi/q3do8hgttYn2uC3MoT/gfuMWylnj1IeZBUAyPddHZlo1K05BDoj8DYPpMdiHqH1dDYdJf2A==}
    engines: {node: '>= 18'}

  typescript@5.9.3:
    resolution: {integrity: sha512-jl1vZzPDinLr9eUt3J/t7V6FgNEw9QjvBPdysz9KfQDD41fQrC2Y4vKQdiaUpFT4bXlb1RHhLpp8wtm6M5TgSw==}
    engines: {node: '>=14.17'}
    hasBin: true

  undici-types@7.18.2:
    resolution: {integrity: sha512-AsuCzffGHJybSaRrmr5eHr81mwJU3kjw6M+uprWvCXiNeN9SOGwQ3Jn8jb8m3Z6izVgknn1R0FTCEAP2QrLY/w==}

  undici@6.24.1:
    resolution: {integrity: sha512-sC+b0tB1whOCzbtlx20fx3WgCXwkW627p4EA9uM+/tNNPkSS+eSEld6pAs9nDv7WbY1UUljBMYPtu9BCOrCWKA==}
    engines: {node: '>=18.17'}

  whatwg-fetch@3.6.20:
    resolution: {integrity: sha512-EqhiFU6daOA8kpjOWTL0olhVOF3i7OrFzSYiGsEMB8GcXS+RrzauAERX65xMeNWVqxA6HXH2m69Z9LaKKdisfg==}

  ws@8.20.0:
    resolution: {integrity: sha512-sAt8BhgNbzCtgGbt2OxmpuryO63ZoDk/sqaB/znQm94T4fCEsy/yV+7CdC1kJhOU9lboAEU7R3kquuycDoibVA==}
    engines: {node: '>=10.0.0'}
    peerDependencies:
      bufferutil: ^4.0.1
      utf-8-validate: '>=5.0.2'
    peerDependenciesMeta:
      bufferutil:
        optional: true
      utf-8-validate:
        optional: true

  zod@4.3.6:
    resolution: {integrity: sha512-rftlrkhHZOcjDwkGlnUtZZkvaPHCsDATp4pGpuOOMDaTdDDXF91wuVDJoWoPsKX/3YPQ5fHuF3STjcYyKr+Qhg==}

snapshots:

  '@ai-sdk/gateway@3.0.88(zod@4.3.6)':
    dependencies:
      '@ai-sdk/provider': 3.0.8
      '@ai-sdk/provider-utils': 4.0.22(zod@4.3.6)
      '@vercel/oidc': 3.1.0
      zod: 4.3.6

  '@ai-sdk/provider-utils@4.0.22(zod@4.3.6)':
    dependencies:
      '@ai-sdk/provider': 3.0.8
      '@standard-schema/spec': 1.1.0
      eventsource-parser: 3.0.6
      zod: 4.3.6

  '@ai-sdk/provider@3.0.8':
    dependencies:
      json-schema: 0.4.0

  '@babel/runtime@7.29.2': {}

  '@benricheson101/util@1.5.5': {}

  '@biomejs/biome@2.4.10':
    optionalDependencies:
      '@biomejs/cli-darwin-arm64': 2.4.10
      '@biomejs/cli-darwin-x64': 2.4.10
      '@biomejs/cli-linux-arm64': 2.4.10
      '@biomejs/cli-linux-arm64-musl': 2.4.10
      '@biomejs/cli-linux-x64': 2.4.10
      '@biomejs/cli-linux-x64-musl': 2.4.10
      '@biomejs/cli-win32-arm64': 2.4.10
      '@biomejs/cli-win32-x64': 2.4.10

  '@biomejs/cli-darwin-arm64@2.4.10':
    optional: true

  '@biomejs/cli-darwin-x64@2.4.10':
    optional: true

  '@biomejs/cli-linux-arm64-musl@2.4.10':
    optional: true

  '@biomejs/cli-linux-arm64@2.4.10':
    optional: true

  '@biomejs/cli-linux-x64-musl@2.4.10':
    optional: true

  '@biomejs/cli-linux-x64@2.4.10':
    optional: true

  '@biomejs/cli-win32-arm64@2.4.10':
    optional: true

  '@biomejs/cli-win32-x64@2.4.10':
    optional: true

  '@discordjs/builders@1.14.1':
    dependencies:
      '@discordjs/formatters': 0.6.2
      '@discordjs/util': 1.2.0
      '@sapphire/shapeshift': 4.0.0
      discord-api-types: 0.38.44
      fast-deep-equal: 3.1.3
      ts-mixer: 6.0.4
      tslib: 2.8.1

  '@discordjs/collection@1.5.3': {}

  '@discordjs/collection@2.1.1': {}

  '@discordjs/formatters@0.6.2':
    dependencies:
      discord-api-types: 0.38.44

  '@discordjs/rest@2.6.1':
    dependencies:
      '@discordjs/collection': 2.1.1
      '@discordjs/util': 1.2.0
      '@sapphire/async-queue': 1.5.5
      '@sapphire/snowflake': 3.5.5
      '@vladfrangu/async_event_emitter': 2.4.7
      discord-api-types: 0.38.44
      magic-bytes.js: 1.13.0
      tslib: 2.8.1
      undici: 6.24.1

  '@discordjs/util@1.2.0':
    dependencies:
      discord-api-types: 0.38.44

  '@discordjs/ws@1.2.3':
    dependencies:
      '@discordjs/collection': 2.1.1
      '@discordjs/rest': 2.6.1
      '@discordjs/util': 1.2.0
      '@sapphire/async-queue': 1.5.5
      '@types/ws': 8.18.1
      '@vladfrangu/async_event_emitter': 2.4.7
      discord-api-types: 0.38.44
      tslib: 2.8.1
      ws: 8.20.0
    transitivePeerDependencies:
      - bufferutil
      - utf-8-validate

  '@openrouter/ai-sdk-provider@2.3.3(ai@6.0.146(zod@4.3.6))(zod@4.3.6)':
    dependencies:
      ai: 6.0.146(zod@4.3.6)
      zod: 4.3.6

  '@openrouter/sdk@0.12.24':
    dependencies:
      zod: 4.3.6

  '@opentelemetry/api@1.9.0': {}

  '@sapphire/async-queue@1.5.5': {}

  '@sapphire/shapeshift@4.0.0':
    dependencies:
      fast-deep-equal: 3.1.3
      lodash: 4.18.1

  '@sapphire/snowflake@3.5.3': {}

  '@sapphire/snowflake@3.5.5': {}

  '@standard-schema/spec@1.1.0': {}

  '@types/json-schema@7.0.15': {}

  '@types/node@25.5.2':
    dependencies:
      undici-types: 7.18.2

  '@types/ws@8.18.1':
    dependencies:
      '@types/node': 25.5.2

  '@vercel/oidc@3.1.0': {}

  '@vladfrangu/async_event_emitter@2.4.7': {}

  ai-sdk-ollama@3.8.2(ai@6.0.146(zod@4.3.6))(zod@4.3.6):
    dependencies:
      '@ai-sdk/provider': 3.0.8
      '@ai-sdk/provider-utils': 4.0.22(zod@4.3.6)
      ai: 6.0.146(zod@4.3.6)
      jsonrepair: 3.13.3
      ollama: 0.6.3
    transitivePeerDependencies:
      - zod

  ai@6.0.146(zod@4.3.6):
    dependencies:
      '@ai-sdk/gateway': 3.0.88(zod@4.3.6)
      '@ai-sdk/provider': 3.0.8
      '@ai-sdk/provider-utils': 4.0.22(zod@4.3.6)
      '@opentelemetry/api': 1.9.0
      zod: 4.3.6

  complex.js@2.4.3: {}

  decimal.js@10.6.0: {}

  discord-api-types@0.38.44: {}

  discord.js@14.26.2:
    dependencies:
      '@discordjs/builders': 1.14.1
      '@discordjs/collection': 1.5.3
      '@discordjs/formatters': 0.6.2
      '@discordjs/rest': 2.6.1
      '@discordjs/util': 1.2.0
      '@discordjs/ws': 1.2.3
      '@sapphire/snowflake': 3.5.3
      discord-api-types: 0.38.44
      fast-deep-equal: 3.1.3
      lodash.snakecase: 4.1.1
      magic-bytes.js: 1.13.0
      tslib: 2.8.1
      undici: 6.24.1
    transitivePeerDependencies:
      - bufferutil
      - utf-8-validate

  escape-latex@1.2.0: {}

  eventsource-parser@3.0.6: {}

  fast-deep-equal@3.1.3: {}

  fraction.js@5.3.4: {}

  javascript-natural-sort@0.7.1: {}

  json-schema@0.4.0: {}

  jsonrepair@3.13.3: {}

  lodash.snakecase@4.1.1: {}

  lodash@4.18.1: {}

  magic-bytes.js@1.13.0: {}

  mathjs@15.2.0:
    dependencies:
      '@babel/runtime': 7.29.2
      complex.js: 2.4.3
      decimal.js: 10.6.0
      escape-latex: 1.2.0
      fraction.js: 5.3.4
      javascript-natural-sort: 0.7.1
      seedrandom: 3.0.5
      tiny-emitter: 2.1.0
      typed-function: 4.2.2

  ollama@0.6.3:
    dependencies:
      whatwg-fetch: 3.6.20

  seedrandom@3.0.5: {}

  sqlite-vec-darwin-arm64@0.1.9:
    optional: true

  sqlite-vec-darwin-x64@0.1.9:
    optional: true

  sqlite-vec-linux-arm64@0.1.9:
    optional: true

  sqlite-vec-linux-x64@0.1.9:
    optional: true

  sqlite-vec-windows-x64@0.1.9:
    optional: true

  sqlite-vec@0.1.9:
    optionalDependencies:
      sqlite-vec-darwin-arm64: 0.1.9
      sqlite-vec-darwin-x64: 0.1.9
      sqlite-vec-linux-arm64: 0.1.9
      sqlite-vec-linux-x64: 0.1.9
      sqlite-vec-windows-x64: 0.1.9

  tiny-emitter@2.1.0: {}

  toml@3.0.0: {}

  ts-mixer@6.0.4: {}

  tslib@2.8.1: {}

  typed-function@4.2.2: {}

  typescript@5.9.3: {}

  undici-types@7.18.2: {}

  undici@6.24.1: {}

  whatwg-fetch@3.6.20: {}

  ws@8.20.0: {}

  zod@4.3.6: {}
